Microsoft Visual Studio Solution File, Format Version 7.00
Project("{FAE04EC0-301F-11D3-BF4B-00C04F79EFBC}") = "LinearSearcher", "LinearSearcher.csproj", "{2CD4AD4D-AE37-4DC0-BCA2-33C8A73E853B}"
EndProject
Global
	GlobalSection(SolutionConfiguration) = preSolution
		ConfigName.0 = Debug
		ConfigName.1 = Release
	EndGlobalSection
	GlobalSection(ProjectDependencies) = postSolution
	EndGlobalSection
	GlobalSection(ProjectConfiguration) = postSolution
		{2CD4AD4D-AE37-4DC0-BCA2-33C8A73E853B}.Debug.ActiveCfg = Debug|.NET
		{2CD4AD4D-AE37-4DC0-BCA2-33C8A73E853B}.Debug.Build.0 = Debug|.NET
		{2CD4AD4D-AE37-4DC0-BCA2-33C8A73E853B}.Release.ActiveCfg = Release|.NET
		{2CD4AD4D-AE37-4DC0-BCA2-33C8A73E853B}.Release.Build.0 = Release|.NET
	EndGlobalSection
	GlobalSection(ExtensibilityGlobals) = postSolution
	EndGlobalSection
	GlobalSection(ExtensibilityAddIns) = postSolution
	EndGlobalSection
EndGlobal
