Microsoft Visual Studio Solution File, Format Version 7.00
Project("{FAE04EC0-301F-11D3-BF4B-00C04F79EFBC}") = "StringBuilderConstructor", "StringBuilderConstructor.csproj", "{C769A8F5-A373-4D68-8159-D832AC958A23}"
EndProject
Global
	GlobalSection(SolutionConfiguration) = preSolution
		ConfigName.0 = Debug
		ConfigName.1 = Release
	EndGlobalSection
	GlobalSection(ProjectDependencies) = postSolution
	EndGlobalSection
	GlobalSection(ProjectConfiguration) = postSolution
		{C769A8F5-A373-4D68-8159-D832AC958A23}.Debug.ActiveCfg = Debug|.NET
		{C769A8F5-A373-4D68-8159-D832AC958A23}.Debug.Build.0 = Debug|.NET
		{C769A8F5-A373-4D68-8159-D832AC958A23}.Release.ActiveCfg = Release|.NET
		{C769A8F5-A373-4D68-8159-D832AC958A23}.Release.Build.0 = Release|.NET
	EndGlobalSection
	GlobalSection(ExtensibilityGlobals) = postSolution
	EndGlobalSection
	GlobalSection(ExtensibilityAddIns) = postSolution
	EndGlobalSection
EndGlobal
