Microsoft Visual Studio Solution File, Format Version 7.00
Project("{FAE04EC0-301F-11D3-BF4B-00C04F79EFBC}") = "UsingHugeInteger", "UsingHugeInteger.csproj", "{273EB385-40DF-4E21-8B20-2C26BD8365C2}"
EndProject
Global
	GlobalSection(SolutionConfiguration) = preSolution
		ConfigName.0 = Debug
		ConfigName.1 = Release
	EndGlobalSection
	GlobalSection(ProjectDependencies) = postSolution
	EndGlobalSection
	GlobalSection(ProjectConfiguration) = postSolution
		{273EB385-40DF-4E21-8B20-2C26BD8365C2}.Debug.ActiveCfg = Debug|.NET
		{273EB385-40DF-4E21-8B20-2C26BD8365C2}.Debug.Build.0 = Debug|.NET
		{273EB385-40DF-4E21-8B20-2C26BD8365C2}.Release.ActiveCfg = Release|.NET
		{273EB385-40DF-4E21-8B20-2C26BD8365C2}.Release.Build.0 = Release|.NET
	EndGlobalSection
	GlobalSection(ExtensibilityGlobals) = postSolution
	EndGlobalSection
	GlobalSection(ExtensibilityAddIns) = postSolution
	EndGlobalSection
EndGlobal
