Microsoft Visual Studio Solution File, Format Version 7.00
Project("{FAE04EC0-301F-11D3-BF4B-00C04F79EFBC}") = "TemperatureServer", "http://localhost/TemperatureServer/TemperatureServer.csproj", "{7B39B969-915A-4850-94FA-9034EBD02351}"
EndProject
Global
	GlobalSection(SolutionConfiguration) = preSolution
		ConfigName.0 = Debug
		ConfigName.1 = Release
	EndGlobalSection
	GlobalSection(ProjectDependencies) = postSolution
	EndGlobalSection
	GlobalSection(ProjectConfiguration) = postSolution
		{7B39B969-915A-4850-94FA-9034EBD02351}.Debug.ActiveCfg = Debug|.NET
		{7B39B969-915A-4850-94FA-9034EBD02351}.Debug.Build.0 = Debug|.NET
		{7B39B969-915A-4850-94FA-9034EBD02351}.Release.ActiveCfg = Release|.NET
		{7B39B969-915A-4850-94FA-9034EBD02351}.Release.Build.0 = Release|.NET
	EndGlobalSection
	GlobalSection(ExtensibilityGlobals) = postSolution
	EndGlobalSection
	GlobalSection(ExtensibilityAddIns) = postSolution
	EndGlobalSection
EndGlobal
