Microsoft Visual Studio Solution File, Format Version 7.00
Project("{FAE04EC0-301F-11D3-BF4B-00C04F79EFBC}") = "RandomInt", "RandomInt.csproj", "{1E1FF2C4-C639-429D-8AAF-09AA6FF15F19}"
EndProject
Global
	GlobalSection(SolutionConfiguration) = preSolution
		ConfigName.0 = Debug
		ConfigName.1 = Release
	EndGlobalSection
	GlobalSection(ProjectDependencies) = postSolution
	EndGlobalSection
	GlobalSection(ProjectConfiguration) = postSolution
		{1E1FF2C4-C639-429D-8AAF-09AA6FF15F19}.Debug.ActiveCfg = Debug|.NET
		{1E1FF2C4-C639-429D-8AAF-09AA6FF15F19}.Debug.Build.0 = Debug|.NET
		{1E1FF2C4-C639-429D-8AAF-09AA6FF15F19}.Release.ActiveCfg = Release|.NET
		{1E1FF2C4-C639-429D-8AAF-09AA6FF15F19}.Release.Build.0 = Release|.NET
	EndGlobalSection
	GlobalSection(ExtensibilityGlobals) = postSolution
	EndGlobalSection
	GlobalSection(ExtensibilityAddIns) = postSolution
	EndGlobalSection
EndGlobal
