
Microsoft Visual Studio Solution File, Format Version 9.00
# Visual C# Express 2005
Project("{FAE04EC0-301F-11D3-BF4B-00C04F79EFBC}") = "AddressBook", "AddressBook\AddressBook.csproj", "{D4F24D39-F755-4C1A-81D9-3681F973E35A}"
EndProject
Global
	GlobalSection(SolutionConfigurationPlatforms) = preSolution
		Debug|Any CPU = Debug|Any CPU
		Release|Any CPU = Release|Any CPU
	EndGlobalSection
	GlobalSection(ProjectConfigurationPlatforms) = postSolution
		{D4F24D39-F755-4C1A-81D9-3681F973E35A}.Debug|Any CPU.ActiveCfg = Debug|Any CPU
		{D4F24D39-F755-4C1A-81D9-3681F973E35A}.Debug|Any CPU.Build.0 = Debug|Any CPU
		{D4F24D39-F755-4C1A-81D9-3681F973E35A}.Release|Any CPU.ActiveCfg = Release|Any CPU
		{D4F24D39-F755-4C1A-81D9-3681F973E35A}.Release|Any CPU.Build.0 = Release|Any CPU
	EndGlobalSection
	GlobalSection(SolutionProperties) = preSolution
		HideSolutionNode = FALSE
	EndGlobalSection
EndGlobal
