Microsoft Visual Studio Solution File, Format Version 7.00
Project("{FAE04EC0-301F-11D3-BF4B-00C04F79EFBC}") = "CreateRandomAccessFile", "CreateRandomAccessFile.csproj", "{0FF80B49-C972-4604-941B-73D6642F4BDE}"
EndProject
Global
	GlobalSection(SolutionConfiguration) = preSolution
		ConfigName.0 = Debug
		ConfigName.1 = Release
	EndGlobalSection
	GlobalSection(ProjectDependencies) = postSolution
	EndGlobalSection
	GlobalSection(ProjectConfiguration) = postSolution
		{0FF80B49-C972-4604-941B-73D6642F4BDE}.Debug.ActiveCfg = Debug|.NET
		{0FF80B49-C972-4604-941B-73D6642F4BDE}.Debug.Build.0 = Debug|.NET
		{0FF80B49-C972-4604-941B-73D6642F4BDE}.Release.ActiveCfg = Release|.NET
		{0FF80B49-C972-4604-941B-73D6642F4BDE}.Release.Build.0 = Release|.NET
	EndGlobalSection
	GlobalSection(ExtensibilityGlobals) = postSolution
	EndGlobalSection
	GlobalSection(ExtensibilityAddIns) = postSolution
	EndGlobalSection
EndGlobal
