Microsoft Visual Studio Solution File, Format Version 7.00
Project("{FAE04EC0-301F-11D3-BF4B-00C04F79EFBC}") = "DatagramClient", "DatagramClient.csproj", "{0051746D-155E-45C7-B433-92B9FDA8F7EF}"
EndProject
Global
	GlobalSection(SolutionConfiguration) = preSolution
		ConfigName.0 = Debug
		ConfigName.1 = Release
	EndGlobalSection
	GlobalSection(ProjectDependencies) = postSolution
	EndGlobalSection
	GlobalSection(ProjectConfiguration) = postSolution
		{0051746D-155E-45C7-B433-92B9FDA8F7EF}.Debug.ActiveCfg = Debug|.NET
		{0051746D-155E-45C7-B433-92B9FDA8F7EF}.Debug.Build.0 = Debug|.NET
		{0051746D-155E-45C7-B433-92B9FDA8F7EF}.Release.ActiveCfg = Release|.NET
		{0051746D-155E-45C7-B433-92B9FDA8F7EF}.Release.Build.0 = Release|.NET
	EndGlobalSection
	GlobalSection(ExtensibilityGlobals) = postSolution
	EndGlobalSection
	GlobalSection(ExtensibilityAddIns) = postSolution
	EndGlobalSection
EndGlobal
