Microsoft Visual Studio Solution File, Format Version 7.00
Project("{FAE04EC0-301F-11D3-BF4B-00C04F79EFBC}") = "DatagramServer", "DatagramServer.csproj", "{B7069090-6174-48BB-BA9C-165EF4522EC2}"
EndProject
Global
	GlobalSection(SolutionConfiguration) = preSolution
		ConfigName.0 = Debug
		ConfigName.1 = Release
	EndGlobalSection
	GlobalSection(ProjectDependencies) = postSolution
	EndGlobalSection
	GlobalSection(ProjectConfiguration) = postSolution
		{B7069090-6174-48BB-BA9C-165EF4522EC2}.Debug.ActiveCfg = Debug|.NET
		{B7069090-6174-48BB-BA9C-165EF4522EC2}.Debug.Build.0 = Debug|.NET
		{B7069090-6174-48BB-BA9C-165EF4522EC2}.Release.ActiveCfg = Release|.NET
		{B7069090-6174-48BB-BA9C-165EF4522EC2}.Release.Build.0 = Release|.NET
	EndGlobalSection
	GlobalSection(ExtensibilityGlobals) = postSolution
	EndGlobalSection
	GlobalSection(ExtensibilityAddIns) = postSolution
	EndGlobalSection
EndGlobal
