Microsoft Visual Studio Solution File, Format Version 7.00
Project("{FAE04EC0-301F-11D3-BF4B-00C04F79EFBC}") = "MethodOverload", "MethodOverload.csproj", "{01BAF036-DB13-42AF-8D46-EDB462CB05A1}"
EndProject
Global
	GlobalSection(SolutionConfiguration) = preSolution
		ConfigName.0 = Debug
		ConfigName.1 = Release
	EndGlobalSection
	GlobalSection(ProjectDependencies) = postSolution
	EndGlobalSection
	GlobalSection(ProjectConfiguration) = postSolution
		{01BAF036-DB13-42AF-8D46-EDB462CB05A1}.Debug.ActiveCfg = Debug|.NET
		{01BAF036-DB13-42AF-8D46-EDB462CB05A1}.Debug.Build.0 = Debug|.NET
		{01BAF036-DB13-42AF-8D46-EDB462CB05A1}.Release.ActiveCfg = Release|.NET
		{01BAF036-DB13-42AF-8D46-EDB462CB05A1}.Release.Build.0 = Release|.NET
	EndGlobalSection
	GlobalSection(ExtensibilityGlobals) = postSolution
	EndGlobalSection
	GlobalSection(ExtensibilityAddIns) = postSolution
	EndGlobalSection
EndGlobal
