Microsoft Visual Studio Solution File, Format Version 7.00
Project("{FAE04EC0-301F-11D3-BF4B-00C04F79EFBC}") = "TabTest", "TabTest.csproj", "{65B1BDB3-C00C-4899-878F-AAD32703369E}"
EndProject
Global
	GlobalSection(SolutionConfiguration) = preSolution
		ConfigName.0 = Debug
		ConfigName.1 = Release
	EndGlobalSection
	GlobalSection(ProjectDependencies) = postSolution
	EndGlobalSection
	GlobalSection(ProjectConfiguration) = postSolution
		{65B1BDB3-C00C-4899-878F-AAD32703369E}.Debug.ActiveCfg = Debug|.NET
		{65B1BDB3-C00C-4899-878F-AAD32703369E}.Debug.Build.0 = Debug|.NET
		{65B1BDB3-C00C-4899-878F-AAD32703369E}.Release.ActiveCfg = Release|.NET
		{65B1BDB3-C00C-4899-878F-AAD32703369E}.Release.Build.0 = Release|.NET
	EndGlobalSection
	GlobalSection(ExtensibilityGlobals) = postSolution
	EndGlobalSection
	GlobalSection(ExtensibilityAddIns) = postSolution
	EndGlobalSection
EndGlobal
