Microsoft Visual Studio Solution File, Format Version 7.00
Project("{FAE04EC0-301F-11D3-BF4B-00C04F79EFBC}") = "MaximumValue", "MaximumValue.csproj", "{0A36F53E-7009-46B3-8131-B62A3855574C}"
EndProject
Global
	GlobalSection(SolutionConfiguration) = preSolution
		ConfigName.0 = Debug
		ConfigName.1 = Release
	EndGlobalSection
	GlobalSection(ProjectDependencies) = postSolution
	EndGlobalSection
	GlobalSection(ProjectConfiguration) = postSolution
		{0A36F53E-7009-46B3-8131-B62A3855574C}.Debug.ActiveCfg = Debug|.NET
		{0A36F53E-7009-46B3-8131-B62A3855574C}.Debug.Build.0 = Debug|.NET
		{0A36F53E-7009-46B3-8131-B62A3855574C}.Release.ActiveCfg = Release|.NET
		{0A36F53E-7009-46B3-8131-B62A3855574C}.Release.Build.0 = Release|.NET
	EndGlobalSection
	GlobalSection(ExtensibilityGlobals) = postSolution
	EndGlobalSection
	GlobalSection(ExtensibilityAddIns) = postSolution
	EndGlobalSection
EndGlobal
