Microsoft Visual Studio Solution File, Format Version 7.00
Project("{FAE04EC0-301F-11D3-BF4B-00C04F79EFBC}") = "ClockExample", "ClockExample.csproj", "{6F4EFCF9-7CB6-4EB0-8431-B5FA301FC12F}"
EndProject
Global
	GlobalSection(SolutionConfiguration) = preSolution
		ConfigName.0 = Debug
		ConfigName.1 = Release
	EndGlobalSection
	GlobalSection(ProjectDependencies) = postSolution
	EndGlobalSection
	GlobalSection(ProjectConfiguration) = postSolution
		{6F4EFCF9-7CB6-4EB0-8431-B5FA301FC12F}.Debug.ActiveCfg = Debug|.NET
		{6F4EFCF9-7CB6-4EB0-8431-B5FA301FC12F}.Debug.Build.0 = Debug|.NET
		{6F4EFCF9-7CB6-4EB0-8431-B5FA301FC12F}.Release.ActiveCfg = Release|.NET
		{6F4EFCF9-7CB6-4EB0-8431-B5FA301FC12F}.Release.Build.0 = Release|.NET
	EndGlobalSection
	GlobalSection(ExtensibilityGlobals) = postSolution
	EndGlobalSection
	GlobalSection(ExtensibilityAddIns) = postSolution
	EndGlobalSection
EndGlobal
