Microsoft Visual Studio Solution File, Format Version 7.00
Project("{FAE04EC0-301F-11D3-BF4B-00C04F79EFBC}") = "D2", "D2.csproj", "{6AB9AFB2-8D66-4B27-9A56-7141E8794DDB}"
EndProject
Global
	GlobalSection(SolutionConfiguration) = preSolution
		ConfigName.0 = Debug
		ConfigName.1 = Release
	EndGlobalSection
	GlobalSection(ProjectDependencies) = postSolution
	EndGlobalSection
	GlobalSection(ProjectConfiguration) = postSolution
		{6AB9AFB2-8D66-4B27-9A56-7141E8794DDB}.Debug.ActiveCfg = Debug|.NET
		{6AB9AFB2-8D66-4B27-9A56-7141E8794DDB}.Debug.Build.0 = Debug|.NET
		{6AB9AFB2-8D66-4B27-9A56-7141E8794DDB}.Release.ActiveCfg = Release|.NET
		{6AB9AFB2-8D66-4B27-9A56-7141E8794DDB}.Release.Build.0 = Release|.NET
	EndGlobalSection
	GlobalSection(ExtensibilityGlobals) = postSolution
	EndGlobalSection
	GlobalSection(ExtensibilityAddIns) = postSolution
	EndGlobalSection
EndGlobal
