Microsoft Visual Studio Solution File, Format Version 7.00
Project("{FAE04EC0-301F-11D3-BF4B-00C04F79EFBC}") = "Average1", "Average1.csproj", "{144D412D-D267-4331-A8EB-7C0496B49636}"
EndProject
Global
	GlobalSection(SolutionConfiguration) = preSolution
		ConfigName.0 = Debug
		ConfigName.1 = Release
	EndGlobalSection
	GlobalSection(ProjectDependencies) = postSolution
	EndGlobalSection
	GlobalSection(ProjectConfiguration) = postSolution
		{144D412D-D267-4331-A8EB-7C0496B49636}.Debug.ActiveCfg = Debug|.NET
		{144D412D-D267-4331-A8EB-7C0496B49636}.Debug.Build.0 = Debug|.NET
		{144D412D-D267-4331-A8EB-7C0496B49636}.Release.ActiveCfg = Release|.NET
		{144D412D-D267-4331-A8EB-7C0496B49636}.Release.Build.0 = Release|.NET
	EndGlobalSection
	GlobalSection(ExtensibilityGlobals) = postSolution
	EndGlobalSection
	GlobalSection(ExtensibilityAddIns) = postSolution
	EndGlobalSection
EndGlobal
