Microsoft Visual Studio Solution File, Format Version 7.00
Project("{FAE04EC0-301F-11D3-BF4B-00C04F79EFBC}") = "WriteRandomAccessFile", "WriteRandomAccessFile.csproj", "{3EBC7C4F-5E31-46C1-A8D1-565B090D107F}"
EndProject
Global
	GlobalSection(SolutionConfiguration) = preSolution
		ConfigName.0 = Debug
		ConfigName.1 = Release
	EndGlobalSection
	GlobalSection(ProjectDependencies) = postSolution
	EndGlobalSection
	GlobalSection(ProjectConfiguration) = postSolution
		{3EBC7C4F-5E31-46C1-A8D1-565B090D107F}.Debug.ActiveCfg = Debug|.NET
		{3EBC7C4F-5E31-46C1-A8D1-565B090D107F}.Debug.Build.0 = Debug|.NET
		{3EBC7C4F-5E31-46C1-A8D1-565B090D107F}.Release.ActiveCfg = Release|.NET
		{3EBC7C4F-5E31-46C1-A8D1-565B090D107F}.Release.Build.0 = Release|.NET
	EndGlobalSection
	GlobalSection(ExtensibilityGlobals) = postSolution
	EndGlobalSection
	GlobalSection(ExtensibilityAddIns) = postSolution
	EndGlobalSection
EndGlobal
