Microsoft Visual Studio Solution File, Format Version 7.00
Project("{FAE04EC0-301F-11D3-BF4B-00C04F79EFBC}") = "CrapsGame", "CrapsGame.csproj", "{AD0AB1D9-DDF7-484A-8358-0F3112DE9128}"
EndProject
Global
	GlobalSection(SolutionConfiguration) = preSolution
		ConfigName.0 = Debug
		ConfigName.1 = Release
	EndGlobalSection
	GlobalSection(ProjectDependencies) = postSolution
	EndGlobalSection
	GlobalSection(ProjectConfiguration) = postSolution
		{AD0AB1D9-DDF7-484A-8358-0F3112DE9128}.Debug.ActiveCfg = Debug|.NET
		{AD0AB1D9-DDF7-484A-8358-0F3112DE9128}.Debug.Build.0 = Debug|.NET
		{AD0AB1D9-DDF7-484A-8358-0F3112DE9128}.Release.ActiveCfg = Release|.NET
		{AD0AB1D9-DDF7-484A-8358-0F3112DE9128}.Release.Build.0 = Release|.NET
	EndGlobalSection
	GlobalSection(ExtensibilityGlobals) = postSolution
	EndGlobalSection
	GlobalSection(ExtensibilityAddIns) = postSolution
	EndGlobalSection
EndGlobal
