Microsoft Visual Studio Solution File, Format Version 7.00
Project("{FAE04EC0-301F-11D3-BF4B-00C04F79EFBC}") = "UsingTreeView", "UsingTreeView.csproj", "{666FD4CB-8710-494A-902C-9F973EF5E759}"
EndProject
Global
	GlobalSection(SolutionConfiguration) = preSolution
		ConfigName.0 = Debug
		ConfigName.1 = Release
	EndGlobalSection
	GlobalSection(ProjectDependencies) = postSolution
	EndGlobalSection
	GlobalSection(ProjectConfiguration) = postSolution
		{666FD4CB-8710-494A-902C-9F973EF5E759}.Debug.ActiveCfg = Debug|.NET
		{666FD4CB-8710-494A-902C-9F973EF5E759}.Debug.Build.0 = Debug|.NET
		{666FD4CB-8710-494A-902C-9F973EF5E759}.Release.ActiveCfg = Release|.NET
		{666FD4CB-8710-494A-902C-9F973EF5E759}.Release.Build.0 = Release|.NET
	EndGlobalSection
	GlobalSection(ExtensibilityGlobals) = postSolution
	EndGlobalSection
	GlobalSection(ExtensibilityAddIns) = postSolution
	EndGlobalSection
EndGlobal
