Microsoft Visual Studio Solution File, Format Version 7.00
Project("{FAE04EC0-301F-11D3-BF4B-00C04F79EFBC}") = "DatabaseXMLWriter", "DatabaseXMLWriter.csproj", "{A2C69AA7-4829-429D-8EB2-B450721635F1}"
EndProject
Global
	GlobalSection(SolutionConfiguration) = preSolution
		ConfigName.0 = Debug
		ConfigName.1 = Release
	EndGlobalSection
	GlobalSection(ProjectDependencies) = postSolution
	EndGlobalSection
	GlobalSection(ProjectConfiguration) = postSolution
		{A2C69AA7-4829-429D-8EB2-B450721635F1}.Debug.ActiveCfg = Debug|.NET
		{A2C69AA7-4829-429D-8EB2-B450721635F1}.Debug.Build.0 = Debug|.NET
		{A2C69AA7-4829-429D-8EB2-B450721635F1}.Release.ActiveCfg = Release|.NET
		{A2C69AA7-4829-429D-8EB2-B450721635F1}.Release.Build.0 = Release|.NET
	EndGlobalSection
	GlobalSection(ExtensibilityGlobals) = postSolution
	EndGlobalSection
	GlobalSection(ExtensibilityAddIns) = postSolution
	EndGlobalSection
EndGlobal
