Microsoft Visual Studio Solution File, Format Version 7.00
Project("{FAE04EC0-301F-11D3-BF4B-00C04F79EFBC}") = "BinarySearchTest", "BinarySearchTest.csproj", "{EE8B448A-2431-4071-9117-B0C7896CEEFA}"
EndProject
Global
	GlobalSection(SolutionConfiguration) = preSolution
		ConfigName.0 = Debug
		ConfigName.1 = Release
	EndGlobalSection
	GlobalSection(ProjectDependencies) = postSolution
	EndGlobalSection
	GlobalSection(ProjectConfiguration) = postSolution
		{EE8B448A-2431-4071-9117-B0C7896CEEFA}.Debug.ActiveCfg = Debug|.NET
		{EE8B448A-2431-4071-9117-B0C7896CEEFA}.Debug.Build.0 = Debug|.NET
		{EE8B448A-2431-4071-9117-B0C7896CEEFA}.Release.ActiveCfg = Release|.NET
		{EE8B448A-2431-4071-9117-B0C7896CEEFA}.Release.Build.0 = Release|.NET
	EndGlobalSection
	GlobalSection(ExtensibilityGlobals) = postSolution
	EndGlobalSection
	GlobalSection(ExtensibilityAddIns) = postSolution
	EndGlobalSection
EndGlobal
