Microsoft Visual Studio Solution File, Format Version 7.00
Project("{FAE04EC0-301F-11D3-BF4B-00C04F79EFBC}") = "LabelTextBoxButtonTest", "LabelTextBoxButtonTest.csproj", "{6A770C5E-E5F2-4405-AFF4-6282E50AD4BF}"
EndProject
Global
	GlobalSection(SolutionConfiguration) = preSolution
		ConfigName.0 = Debug
		ConfigName.1 = Release
	EndGlobalSection
	GlobalSection(ProjectDependencies) = postSolution
	EndGlobalSection
	GlobalSection(ProjectConfiguration) = postSolution
		{6A770C5E-E5F2-4405-AFF4-6282E50AD4BF}.Debug.ActiveCfg = Debug|.NET
		{6A770C5E-E5F2-4405-AFF4-6282E50AD4BF}.Debug.Build.0 = Debug|.NET
		{6A770C5E-E5F2-4405-AFF4-6282E50AD4BF}.Release.ActiveCfg = Release|.NET
		{6A770C5E-E5F2-4405-AFF4-6282E50AD4BF}.Release.Build.0 = Release|.NET
	EndGlobalSection
	GlobalSection(ExtensibilityGlobals) = postSolution
	EndGlobalSection
	GlobalSection(ExtensibilityAddIns) = postSolution
	EndGlobalSection
EndGlobal
