Microsoft Visual Studio Solution File, Format Version 7.00
Project("{FAE04EC0-301F-11D3-BF4B-00C04F79EFBC}") = "PathNavigator", "PathNavigator.csproj", "{6972CF5C-632B-4F74-8E47-4B6D6B1AF52A}"
EndProject
Global
	GlobalSection(SolutionConfiguration) = preSolution
		ConfigName.0 = Debug
		ConfigName.1 = Release
	EndGlobalSection
	GlobalSection(ProjectDependencies) = postSolution
	EndGlobalSection
	GlobalSection(ProjectConfiguration) = postSolution
		{6972CF5C-632B-4F74-8E47-4B6D6B1AF52A}.Debug.ActiveCfg = Debug|.NET
		{6972CF5C-632B-4F74-8E47-4B6D6B1AF52A}.Debug.Build.0 = Debug|.NET
		{6972CF5C-632B-4F74-8E47-4B6D6B1AF52A}.Release.ActiveCfg = Release|.NET
		{6972CF5C-632B-4F74-8E47-4B6D6B1AF52A}.Release.Build.0 = Release|.NET
	EndGlobalSection
	GlobalSection(ExtensibilityGlobals) = postSolution
	EndGlobalSection
	GlobalSection(ExtensibilityAddIns) = postSolution
	EndGlobalSection
EndGlobal
