Microsoft Visual Studio Solution File, Format Version 7.00
Project("{FAE04EC0-301F-11D3-BF4B-00C04F79EFBC}") = "FontMetricsTest", "FontMetricsTest.csproj", "{81FBDC05-4A7A-46F9-9BF9-9D78D8974358}"
EndProject
Global
	GlobalSection(SolutionConfiguration) = preSolution
		ConfigName.0 = Debug
		ConfigName.1 = Release
	EndGlobalSection
	GlobalSection(ProjectDependencies) = postSolution
	EndGlobalSection
	GlobalSection(ProjectConfiguration) = postSolution
		{81FBDC05-4A7A-46F9-9BF9-9D78D8974358}.Debug.ActiveCfg = Debug|.NET
		{81FBDC05-4A7A-46F9-9BF9-9D78D8974358}.Debug.Build.0 = Debug|.NET
		{81FBDC05-4A7A-46F9-9BF9-9D78D8974358}.Release.ActiveCfg = Release|.NET
		{81FBDC05-4A7A-46F9-9BF9-9D78D8974358}.Release.Build.0 = Release|.NET
	EndGlobalSection
	GlobalSection(ExtensibilityGlobals) = postSolution
	EndGlobalSection
	GlobalSection(ExtensibilityAddIns) = postSolution
	EndGlobalSection
EndGlobal
