Microsoft Visual Studio Solution File, Format Version 7.00
Project("{FAE04EC0-301F-11D3-BF4B-00C04F79EFBC}") = "Welcome2", "Welcome2.csproj", "{F6DE6F3F-7CC4-4A7A-88E6-CF72F08952E7}"
EndProject
Global
	GlobalSection(SolutionConfiguration) = preSolution
		ConfigName.0 = Debug
		ConfigName.1 = Release
	EndGlobalSection
	GlobalSection(ProjectDependencies) = postSolution
	EndGlobalSection
	GlobalSection(ProjectConfiguration) = postSolution
		{F6DE6F3F-7CC4-4A7A-88E6-CF72F08952E7}.Debug.ActiveCfg = Debug|.NET
		{F6DE6F3F-7CC4-4A7A-88E6-CF72F08952E7}.Debug.Build.0 = Debug|.NET
		{F6DE6F3F-7CC4-4A7A-88E6-CF72F08952E7}.Release.ActiveCfg = Release|.NET
		{F6DE6F3F-7CC4-4A7A-88E6-CF72F08952E7}.Release.Build.0 = Release|.NET
	EndGlobalSection
	GlobalSection(ExtensibilityGlobals) = postSolution
	EndGlobalSection
	GlobalSection(ExtensibilityAddIns) = postSolution
	EndGlobalSection
EndGlobal
