Microsoft Visual Studio Solution File, Format Version 7.00
Project("{FAE04EC0-301F-11D3-BF4B-00C04F79EFBC}") = "StringBuilderInsertRemove", "StringBuilderInsertRemove.csproj", "{72D4EA59-CAA8-4071-ADB9-D96BFD721DBB}"
EndProject
Global
	GlobalSection(SolutionConfiguration) = preSolution
		ConfigName.0 = Debug
		ConfigName.1 = Release
	EndGlobalSection
	GlobalSection(ProjectDependencies) = postSolution
	EndGlobalSection
	GlobalSection(ProjectConfiguration) = postSolution
		{72D4EA59-CAA8-4071-ADB9-D96BFD721DBB}.Debug.ActiveCfg = Debug|.NET
		{72D4EA59-CAA8-4071-ADB9-D96BFD721DBB}.Debug.Build.0 = Debug|.NET
		{72D4EA59-CAA8-4071-ADB9-D96BFD721DBB}.Release.ActiveCfg = Release|.NET
		{72D4EA59-CAA8-4071-ADB9-D96BFD721DBB}.Release.Build.0 = Release|.NET
	EndGlobalSection
	GlobalSection(ExtensibilityGlobals) = postSolution
	EndGlobalSection
	GlobalSection(ExtensibilityAddIns) = postSolution
	EndGlobalSection
EndGlobal
