Microsoft Visual Studio Solution File, Format Version 7.00
Project("{FAE04EC0-301F-11D3-BF4B-00C04F79EFBC}") = "LinkedListLibrary", "LinkedListLibrary.csproj", "{F3E5BC3B-FBA4-4C0A-9F00-7FB835E43707}"
EndProject
Global
	GlobalSection(SolutionConfiguration) = preSolution
		ConfigName.0 = Debug
		ConfigName.1 = Release
	EndGlobalSection
	GlobalSection(ProjectDependencies) = postSolution
	EndGlobalSection
	GlobalSection(ProjectConfiguration) = postSolution
		{F3E5BC3B-FBA4-4C0A-9F00-7FB835E43707}.Debug.ActiveCfg = Debug|.NET
		{F3E5BC3B-FBA4-4C0A-9F00-7FB835E43707}.Debug.Build.0 = Debug|.NET
		{F3E5BC3B-FBA4-4C0A-9F00-7FB835E43707}.Release.ActiveCfg = Release|.NET
		{F3E5BC3B-FBA4-4C0A-9F00-7FB835E43707}.Release.Build.0 = Release|.NET
	EndGlobalSection
	GlobalSection(ExtensibilityGlobals) = postSolution
	EndGlobalSection
	GlobalSection(ExtensibilityAddIns) = postSolution
	EndGlobalSection
EndGlobal
