Microsoft Visual Studio Solution File, Format Version 7.00
Project("{FAE04EC0-301F-11D3-BF4B-00C04F79EFBC}") = "StringConstructor", "StringConstructor.csproj", "{F8BAD0CA-1452-4C13-9F4F-4E499AB2455F}"
EndProject
Global
	GlobalSection(SolutionConfiguration) = preSolution
		ConfigName.0 = Debug
		ConfigName.1 = Release
	EndGlobalSection
	GlobalSection(ProjectDependencies) = postSolution
	EndGlobalSection
	GlobalSection(ProjectConfiguration) = postSolution
		{F8BAD0CA-1452-4C13-9F4F-4E499AB2455F}.Debug.ActiveCfg = Debug|.NET
		{F8BAD0CA-1452-4C13-9F4F-4E499AB2455F}.Debug.Build.0 = Debug|.NET
		{F8BAD0CA-1452-4C13-9F4F-4E499AB2455F}.Release.ActiveCfg = Release|.NET
		{F8BAD0CA-1452-4C13-9F4F-4E499AB2455F}.Release.Build.0 = Release|.NET
	EndGlobalSection
	GlobalSection(ExtensibilityGlobals) = postSolution
	EndGlobalSection
	GlobalSection(ExtensibilityAddIns) = postSolution
	EndGlobalSection
EndGlobal
