Microsoft Visual Studio Solution File, Format Version 7.00
Project("{FAE04EC0-301F-11D3-BF4B-00C04F79EFBC}") = "Unicode", "Unicode.csproj", "{E3E64E17-212C-4BB7-9F35-B9BD45688DBC}"
EndProject
Global
	GlobalSection(SolutionConfiguration) = preSolution
		ConfigName.0 = Debug
		ConfigName.1 = Release
	EndGlobalSection
	GlobalSection(ProjectDependencies) = postSolution
	EndGlobalSection
	GlobalSection(ProjectConfiguration) = postSolution
		{E3E64E17-212C-4BB7-9F35-B9BD45688DBC}.Debug.ActiveCfg = Debug|.NET
		{E3E64E17-212C-4BB7-9F35-B9BD45688DBC}.Debug.Build.0 = Debug|.NET
		{E3E64E17-212C-4BB7-9F35-B9BD45688DBC}.Release.ActiveCfg = Release|.NET
		{E3E64E17-212C-4BB7-9F35-B9BD45688DBC}.Release.Build.0 = Release|.NET
	EndGlobalSection
	GlobalSection(ExtensibilityGlobals) = postSolution
	EndGlobalSection
	GlobalSection(ExtensibilityAddIns) = postSolution
	EndGlobalSection
EndGlobal
