Microsoft Visual Studio Solution File, Format Version 7.00
Project("{FAE04EC0-301F-11D3-BF4B-00C04F79EFBC}") = "ThisTest", "ThisTest.csproj", "{B71705A4-00B6-4DCB-8B1C-12325A589124}"
EndProject
Global
	GlobalSection(SolutionConfiguration) = preSolution
		ConfigName.0 = Debug
		ConfigName.1 = Release
	EndGlobalSection
	GlobalSection(ProjectDependencies) = postSolution
	EndGlobalSection
	GlobalSection(ProjectConfiguration) = postSolution
		{B71705A4-00B6-4DCB-8B1C-12325A589124}.Debug.ActiveCfg = Debug|.NET
		{B71705A4-00B6-4DCB-8B1C-12325A589124}.Debug.Build.0 = Debug|.NET
		{B71705A4-00B6-4DCB-8B1C-12325A589124}.Release.ActiveCfg = Release|.NET
		{B71705A4-00B6-4DCB-8B1C-12325A589124}.Release.Build.0 = Release|.NET
	EndGlobalSection
	GlobalSection(ExtensibilityGlobals) = postSolution
	EndGlobalSection
	GlobalSection(ExtensibilityAddIns) = postSolution
	EndGlobalSection
EndGlobal
