Microsoft Visual Studio Solution File, Format Version 7.00
Project("{FAE04EC0-301F-11D3-BF4B-00C04F79EFBC}") = "StringStartEnd", "StringStartEnd.csproj", "{49CA8409-0F89-4A29-ACB0-2EFE3091D65D}"
EndProject
Global
	GlobalSection(SolutionConfiguration) = preSolution
		ConfigName.0 = Debug
		ConfigName.1 = Release
	EndGlobalSection
	GlobalSection(ProjectDependencies) = postSolution
	EndGlobalSection
	GlobalSection(ProjectConfiguration) = postSolution
		{49CA8409-0F89-4A29-ACB0-2EFE3091D65D}.Debug.ActiveCfg = Debug|.NET
		{49CA8409-0F89-4A29-ACB0-2EFE3091D65D}.Debug.Build.0 = Debug|.NET
		{49CA8409-0F89-4A29-ACB0-2EFE3091D65D}.Release.ActiveCfg = Release|.NET
		{49CA8409-0F89-4A29-ACB0-2EFE3091D65D}.Release.Build.0 = Release|.NET
	EndGlobalSection
	GlobalSection(ExtensibilityGlobals) = postSolution
	EndGlobalSection
	GlobalSection(ExtensibilityAddIns) = postSolution
	EndGlobalSection
EndGlobal
