Microsoft Visual Studio Solution File, Format Version 7.00
Project("{FAE04EC0-301F-11D3-BF4B-00C04F79EFBC}") = "InitArray", "InitArray.csproj", "{EDE6CE29-4996-4A79-AA57-97AF7EA38E55}"
EndProject
Global
	GlobalSection(SolutionConfiguration) = preSolution
		ConfigName.0 = Debug
		ConfigName.1 = Release
	EndGlobalSection
	GlobalSection(ProjectDependencies) = postSolution
	EndGlobalSection
	GlobalSection(ProjectConfiguration) = postSolution
		{EDE6CE29-4996-4A79-AA57-97AF7EA38E55}.Debug.ActiveCfg = Debug|.NET
		{EDE6CE29-4996-4A79-AA57-97AF7EA38E55}.Debug.Build.0 = Debug|.NET
		{EDE6CE29-4996-4A79-AA57-97AF7EA38E55}.Release.ActiveCfg = Release|.NET
		{EDE6CE29-4996-4A79-AA57-97AF7EA38E55}.Release.Build.0 = Release|.NET
	EndGlobalSection
	GlobalSection(ExtensibilityGlobals) = postSolution
	EndGlobalSection
	GlobalSection(ExtensibilityAddIns) = postSolution
	EndGlobalSection
EndGlobal
